// !$*UTF8*$!
{
	archiveVersion = 1;
	classes = {
	};
	objectVersion = 56;
	objects = {

/* Begin PBXBuildFile section */
		0A11B8812A6EF0CA005D1120 /* DetailView.swift in Sources */ = {isa = PBXBuildFile; fileRef = 0A11B8802A6EF0CA005D1120 /* DetailView.swift */; };
		0AD340A72A6AF7160037B415 /* WatchDemo Watch App.app in Embed Watch Content */ = {isa = PBXBuildFile; fileRef = 0AD340A62A6AF7160037B415 /* WatchDemo Watch App.app */; settings = {ATTRIBUTES = (RemoveHeadersOnCopy, ); }; };
		0AD340AC2A6AF7160037B415 /* WatchDemoApp.swift in Sources */ = {isa = PBXBuildFile; fileRef = 0AD340AB2A6AF7160037B415 /* WatchDemoApp.swift */; };
		0AD340AE2A6AF7160037B415 /* ContentView.swift in Sources */ = {isa = PBXBuildFile; fileRef = 0AD340AD2A6AF7160037B415 /* ContentView.swift */; };
		0AD340B02A6AF7180037B415 /* Assets.xcassets in Resources */ = {isa = PBXBuildFile; fileRef = 0AD340AF2A6AF7180037B415 /* Assets.xcassets */; };
		0AD340B32A6AF7180037B415 /* Preview Assets.xcassets in Resources */ = {isa = PBXBuildFile; fileRef = 0AD340B22A6AF7180037B415 /* Preview Assets.xcassets */; };
		0AD340BD2A6AF7180037B415 /* WatchDemo_Watch_AppTests.swift in Sources */ = {isa = PBXBuildFile; fileRef = 0AD340BC2A6AF7180037B415 /* WatchDemo_Watch_AppTests.swift */; };
		0AD340C72A6AF7180037B415 /* WatchDemo_Watch_AppUITests.swift in Sources */ = {isa = PBXBuildFile; fileRef = 0AD340C62A6AF7180037B415 /* WatchDemo_Watch_AppUITests.swift */; };
		0AD340C92A6AF7180037B415 /* WatchDemo_Watch_AppUITestsLaunchTests.swift in Sources */ = {isa = PBXBuildFile; fileRef = 0AD340C82A6AF7180037B415 /* WatchDemo_Watch_AppUITestsLaunchTests.swift */; };
/* End PBXBuildFile section */

/* Begin PBXContainerItemProxy section */
		0AD340A82A6AF7160037B415 /* PBXContainerItemProxy */ = {
			isa = PBXContainerItemProxy;
			containerPortal = 0AD3409A2A6AF7160037B415 /* Project object */;
			proxyType = 1;
			remoteGlobalIDString = 0AD340A52A6AF7160037B415;
			remoteInfo = "WatchDemo Watch App";
		};
		0AD340B92A6AF7180037B415 /* PBXContainerItemProxy */ = {
			isa = PBXContainerItemProxy;
			containerPortal = 0AD3409A2A6AF7160037B415 /* Project object */;
			proxyType = 1;
			remoteGlobalIDString = 0AD340A52A6AF7160037B415;
			remoteInfo = "WatchDemo Watch App";
		};
		0AD340C32A6AF7180037B415 /* PBXContainerItemProxy */ = {
			isa = PBXContainerItemProxy;
			containerPortal = 0AD3409A2A6AF7160037B415 /* Project object */;
			proxyType = 1;
			remoteGlobalIDString = 0AD340A52A6AF7160037B415;
			remoteInfo = "WatchDemo Watch App";
		};
/* End PBXContainerItemProxy section */

/* Begin PBXCopyFilesBuildPhase section */
		0AD340CF2A6AF7180037B415 /* Embed Watch Content */ = {
			isa = PBXCopyFilesBuildPhase;
			buildActionMask = 2147483647;
			dstPath = "$(CONTENTS_FOLDER_PATH)/Watch";
			dstSubfolderSpec = 16;
			files = (
				0AD340A72A6AF7160037B415 /* WatchDemo Watch App.app in Embed Watch Content */,
			);
			name = "Embed Watch Content";
			runOnlyForDeploymentPostprocessing = 0;
		};
/* End PBXCopyFilesBuildPhase section */

/* Begin PBXFileReference section */
		0A11B8802A6EF0CA005D1120 /* DetailView.swift */ = {isa = PBXFileReference; lastKnownFileType = sourcecode.swift; path = DetailView.swift; sourceTree = "<group>"; };
		0AD340A02A6AF7160037B415 /* WatchDemo.app */ = {isa = PBXFileReference; explicitFileType = wrapper.application; includeInIndex = 0; path = WatchDemo.app; sourceTree = BUILT_PRODUCTS_DIR; };
		0AD340A62A6AF7160037B415 /* WatchDemo Watch App.app */ = {isa = PBXFileReference; explicitFileType = wrapper.application; includeInIndex = 0; path = "WatchDemo Watch App.app"; sourceTree = BUILT_PRODUCTS_DIR; };
		0AD340AB2A6AF7160037B415 /* WatchDemoApp.swift */ = {isa = PBXFileReference; lastKnownFileType = sourcecode.swift; path = WatchDemoApp.swift; sourceTree = "<group>"; };
		0AD340AD2A6AF7160037B415 /* ContentView.swift */ = {isa = PBXFileReference; lastKnownFileType = sourcecode.swift; path = ContentView.swift; sourceTree = "<group>"; };
		0AD340AF2A6AF7180037B415 /* Assets.xcassets */ = {isa = PBXFileReference; lastKnownFileType = folder.assetcatalog; path = Assets.xcassets; sourceTree = "<group>"; };
		0AD340B22A6AF7180037B415 /* Preview Assets.xcassets */ = {isa = PBXFileReference; lastKnownFileType = folder.assetcatalog; path = "Preview Assets.xcassets"; sourceTree = "<group>"; };
		0AD340B82A6AF7180037B415 /* WatchDemo Watch AppTests.xctest */ = {isa = PBXFileReference; explicitFileType = wrapper.cfbundle; includeInIndex = 0; path = "WatchDemo Watch AppTests.xctest"; sourceTree = BUILT_PRODUCTS_DIR; };
		0AD340BC2A6AF7180037B415 /* WatchDemo_Watch_AppTests.swift */ = {isa = PBXFileReference; lastKnownFileType = sourcecode.swift; path = WatchDemo_Watch_AppTests.swift; sourceTree = "<group>"; };
		0AD340C22A6AF7180037B415 /* WatchDemo Watch AppUITests.xctest */ = {isa = PBXFileReference; explicitFileType = wrapper.cfbundle; includeInIndex = 0; path = "WatchDemo Watch AppUITests.xctest"; sourceTree = BUILT_PRODUCTS_DIR; };
		0AD340C62A6AF7180037B415 /* WatchDemo_Watch_AppUITests.swift */ = {isa = PBXFileReference; lastKnownFileType = sourcecode.swift; path = WatchDemo_Watch_AppUITests.swift; sourceTree = "<group>"; };
		0AD340C82A6AF7180037B415 /* WatchDemo_Watch_AppUITestsLaunchTests.swift */ = {isa = PBXFileReference; lastKnownFileType = sourcecode.swift; path = WatchDemo_Watch_AppUITestsLaunchTests.swift; sourceTree = "<group>"; };
/* End PBXFileReference section */

/* Begin PBXFrameworksBuildPhase section */
		0AD340A32A6AF7160037B415 /* Frameworks */ = {
			isa = PBXFrameworksBuildPhase;
			buildActionMask = 2147483647;
			files = (
			);
			runOnlyForDeploymentPostprocessing = 0;
		};
		0AD340B52A6AF7180037B415 /* Frameworks */ = {
			isa = PBXFrameworksBuildPhase;
			buildActionMask = 2147483647;
			files = (
			);
			runOnlyForDeploymentPostprocessing = 0;
		};
		0AD340BF2A6AF7180037B415 /* Frameworks */ = {
			isa = PBXFrameworksBuildPhase;
			buildActionMask = 2147483647;
			files = (
			);
			runOnlyForDeploymentPostprocessing = 0;
		};
/* End PBXFrameworksBuildPhase section */

/* Begin PBXGroup section */
		0AD340992A6AF7160037B415 = {
			isa = PBXGroup;
			children = (
				0AD340AA2A6AF7160037B415 /* WatchDemo Watch App */,
				0AD340BB2A6AF7180037B415 /* WatchDemo Watch AppTests */,
				0AD340C52A6AF7180037B415 /* WatchDemo Watch AppUITests */,
				0AD340A12A6AF7160037B415 /* Products */,
			);
			sourceTree = "<group>";
		};
		0AD340A12A6AF7160037B415 /* Products */ = {
			isa = PBXGroup;
			children = (
				0AD340A02A6AF7160037B415 /* WatchDemo.app */,
				0AD340A62A6AF7160037B415 /* WatchDemo Watch App.app */,
				0AD340B82A6AF7180037B415 /* WatchDemo Watch AppTests.xctest */,
				0AD340C22A6AF7180037B415 /* WatchDemo Watch AppUITests.xctest */,
			);
			name = Products;
			sourceTree = "<group>";
		};
		0AD340AA2A6AF7160037B415 /* WatchDemo Watch App */ = {
			isa = PBXGroup;
			children = (
				0AD340AB2A6AF7160037B415 /* WatchDemoApp.swift */,
				0AD340AD2A6AF7160037B415 /* ContentView.swift */,
				0A11B8802A6EF0CA005D1120 /* DetailView.swift */,
				0AD340AF2A6AF7180037B415 /* Assets.xcassets */,
				0AD340B12A6AF7180037B415 /* Preview Content */,
			);
			path = "WatchDemo Watch App";
			sourceTree = "<group>";
		};
		0AD340B12A6AF7180037B415 /* Preview Content */ = {
			isa = PBXGroup;
			children = (
				0AD340B22A6AF7180037B415 /* Preview Assets.xcassets */,
			);
			path = "Preview Content";
			sourceTree = "<group>";
		};
		0AD340BB2A6AF7180037B415 /* WatchDemo Watch AppTests */ = {
			isa = PBXGroup;
			children = (
				0AD340BC2A6AF7180037B415 /* WatchDemo_Watch_AppTests.swift */,
			);
			path = "WatchDemo Watch AppTests";
			sourceTree = "<group>";
		};
		0AD340C52A6AF7180037B415 /* WatchDemo Watch AppUITests */ = {
			isa = PBXGroup;
			children = (
				0AD340C62A6AF7180037B415 /* WatchDemo_Watch_AppUITests.swift */,
				0AD340C82A6AF7180037B415 /* WatchDemo_Watch_AppUITestsLaunchTests.swift */,
			);
			path = "WatchDemo Watch AppUITests";
			sourceTree = "<group>";
		};
/* End PBXGroup section */

/* Begin PBXNativeTarget section */
		0AD3409F2A6AF7160037B415 /* WatchDemo */ = {
			isa = PBXNativeTarget;
			buildConfigurationList = 0AD340D02A6AF7180037B415 /* Build configuration list for PBXNativeTarget "WatchDemo" */;
			buildPhases = (
				0AD3409E2A6AF7160037B415 /* Resources */,
				0AD340CF2A6AF7180037B415 /* Embed Watch Content */,
			);
			buildRules = (
			);
			dependencies = (
				0AD340A92A6AF7160037B415 /* PBXTargetDependency */,
			);
			name = WatchDemo;
			productName = WatchDemo;
			productReference = 0AD340A02A6AF7160037B415 /* WatchDemo.app */;
			productType = "com.apple.product-type.application.watchapp2-container";
		};
		0AD340A52A6AF7160037B415 /* WatchDemo Watch App */ = {
			isa = PBXNativeTarget;
			buildConfigurationList = 0AD340CC2A6AF7180037B415 /* Build configuration list for PBXNativeTarget "WatchDemo Watch App" */;
			buildPhases = (
				0AD340A22A6AF7160037B415 /* Sources */,
				0AD340A32A6AF7160037B415 /* Frameworks */,
				0AD340A42A6AF7160037B415 /* Resources */,
			);
			buildRules = (
			);
			dependencies = (
			);
			name = "WatchDemo Watch App";
			productName = "WatchDemo Watch App";
			productReference = 0AD340A62A6AF7160037B415 /* WatchDemo Watch App.app */;
			productType = "com.apple.product-type.application";
		};
		0AD340B72A6AF7180037B415 /* WatchDemo Watch AppTests */ = {
			isa = PBXNativeTarget;
			buildConfigurationList = 0AD340D32A6AF7180037B415 /* Build configuration list for PBXNativeTarget "WatchDemo Watch AppTests" */;
			buildPhases = (
				0AD340B42A6AF7180037B415 /* Sources */,
				0AD340B52A6AF7180037B415 /* Frameworks */,
				0AD340B62A6AF7180037B415 /* Resources */,
			);
			buildRules = (
			);
			dependencies = (
				0AD340BA2A6AF7180037B415 /* PBXTargetDependency */,
			);
			name = "WatchDemo Watch AppTests";
			productName = "WatchDemo Watch AppTests";
			productReference = 0AD340B82A6AF7180037B415 /* WatchDemo Watch AppTests.xctest */;
			productType = "com.apple.product-type.bundle.unit-test";
		};
		0AD340C12A6AF7180037B415 /* WatchDemo Watch AppUITests */ = {
			isa = PBXNativeTarget;
			buildConfigurationList = 0AD340D62A6AF7180037B415 /* Build configuration list for PBXNativeTarget "WatchDemo Watch AppUITests" */;
			buildPhases = (
				0AD340BE2A6AF7180037B415 /* Sources */,
				0AD340BF2A6AF7180037B415 /* Frameworks */,
				0AD340C02A6AF7180037B415 /* Resources */,
			);
			buildRules = (
			);
			dependencies = (
				0AD340C42A6AF7180037B415 /* PBXTargetDependency */,
			);
			name = "WatchDemo Watch AppUITests";
			productName = "WatchDemo Watch AppUITests";
			productReference = 0AD340C22A6AF7180037B415 /* WatchDemo Watch AppUITests.xctest */;
			productType = "com.apple.product-type.bundle.ui-testing";
		};
/* End PBXNativeTarget section */

/* Begin PBXProject section */
		0AD3409A2A6AF7160037B415 /* Project object */ = {
			isa = PBXProject;
			attributes = {
				BuildIndependentTargetsInParallel = 1;
				LastSwiftUpdateCheck = 1430;
				LastUpgradeCheck = 1430;
				TargetAttributes = {
					0AD3409F2A6AF7160037B415 = {
						CreatedOnToolsVersion = 14.3.1;
					};
					0AD340A52A6AF7160037B415 = {
						CreatedOnToolsVersion = 14.3.1;
					};
					0AD340B72A6AF7180037B415 = {
						CreatedOnToolsVersion = 14.3.1;
						TestTargetID = 0AD340A52A6AF7160037B415;
					};
					0AD340C12A6AF7180037B415 = {
						CreatedOnToolsVersion = 14.3.1;
						TestTargetID = 0AD340A52A6AF7160037B415;
					};
				};
			};
			buildConfigurationList = 0AD3409D2A6AF7160037B415 /* Build configuration list for PBXProject "WatchDemo" */;
			compatibilityVersion = "Xcode 14.0";
			developmentRegion = en;
			hasScannedForEncodings = 0;
			knownRegions = (
				en,
				Base,
			);
			mainGroup = 0AD340992A6AF7160037B415;
			productRefGroup = 0AD340A12A6AF7160037B415 /* Products */;
			projectDirPath = "";
			projectRoot = "";
			targets = (
				0AD3409F2A6AF7160037B415 /* WatchDemo */,
				0AD340A52A6AF7160037B415 /* WatchDemo Watch App */,
				0AD340B72A6AF7180037B415 /* WatchDemo Watch AppTests */,
				0AD340C12A6AF7180037B415 /* WatchDemo Watch AppUITests */,
			);
		};
/* End PBXProject section */

/* Begin PBXResourcesBuildPhase section */
		0AD3409E2A6AF7160037B415 /* Resources */ = {
			isa = PBXResourcesBuildPhase;
			buildActionMask = 2147483647;
			files = (
			);
			runOnlyForDeploymentPostprocessing = 0;
		};
		0AD340A42A6AF7160037B415 /* Resources */ = {
			isa = PBXResourcesBuildPhase;
			buildActionMask = 2147483647;
			files = (
				0AD340B32A6AF7180037B415 /* Preview Assets.xcassets in Resources */,
				0AD340B02A6AF7180037B415 /* Assets.xcassets in Resources */,
			);
			runOnlyForDeploymentPostprocessing = 0;
		};
		0AD340B62A6AF7180037B415 /* Resources */ = {
			isa = PBXResourcesBuildPhase;
			buildActionMask = 2147483647;
			files = (
			);
			runOnlyForDeploymentPostprocessing = 0;
		};
		0AD340C02A6AF7180037B415 /* Resources */ = {
			isa = PBXResourcesBuildPhase;
			buildActionMask = 2147483647;
			files = (
			);
			runOnlyForDeploymentPostprocessing = 0;
		};
/* End PBXResourcesBuildPhase section */

/* Begin PBXSourcesBuildPhase section */
		0AD340A22A6AF7160037B415 /* Sources */ = {
			isa = PBXSourcesBuildPhase;
			buildActionMask = 2147483647;
			files = (
				0AD340AE2A6AF7160037B415 /* ContentView.swift in Sources */,
				0A11B8812A6EF0CA005D1120 /* DetailView.swift in Sources */,
				0AD340AC2A6AF7160037B415 /* WatchDemoApp.swift in Sources */,
			);
			runOnlyForDeploymentPostprocessing = 0;
		};
		0AD340B42A6AF7180037B415 /* Sources */ = {
			isa = PBXSourcesBuildPhase;
			buildActionMask = 2147483647;
			files = (
				0AD340BD2A6AF7180037B415 /* WatchDemo_Watch_AppTests.swift in Sources */,
			);
			runOnlyForDeploymentPostprocessing = 0;
		};
		0AD340BE2A6AF7180037B415 /* Sources */ = {
			isa = PBXSourcesBuildPhase;
			buildActionMask = 2147483647;
			files = (
				0AD340C72A6AF7180037B415 /* WatchDemo_Watch_AppUITests.swift in Sources */,
				0AD340C92A6AF7180037B415 /* WatchDemo_Watch_AppUITestsLaunchTests.swift in Sources */,
			);
			runOnlyForDeploymentPostprocessing = 0;
		};
/* End PBXSourcesBuildPhase section */

/* Begin PBXTargetDependency section */
		0AD340A92A6AF7160037B415 /* PBXTargetDependency */ = {
			isa = PBXTargetDependency;
			target = 0AD340A52A6AF7160037B415 /* WatchDemo Watch App */;
			targetProxy = 0AD340A82A6AF7160037B415 /* PBXContainerItemProxy */;
		};
		0AD340BA2A6AF7180037B415 /* PBXTargetDependency */ = {
			isa = PBXTargetDependency;
			target = 0AD340A52A6AF7160037B415 /* WatchDemo Watch App */;
			targetProxy = 0AD340B92A6AF7180037B415 /* PBXContainerItemProxy */;
		};
		0AD340C42A6AF7180037B415 /* PBXTargetDependency */ = {
			isa = PBXTargetDependency;
			target = 0AD340A52A6AF7160037B415 /* WatchDemo Watch App */;
			targetProxy = 0AD340C32A6AF7180037B415 /* PBXContainerItemProxy */;
		};
/* End PBXTargetDependency section */

/* Begin XCBuildConfiguration section */
		0AD340CA2A6AF7180037B415 /* Debug */ = {
			isa = XCBuildConfiguration;
			buildSettings = {
				ALWAYS_SEARCH_USER_PATHS = NO;
				CLANG_ANALYZER_NONNULL = YES;
				CLANG_ANALYZER_NUMBER_OBJECT_CONVERSION = YES_AGGRESSIVE;
				CLANG_CXX_LANGUAGE_STANDARD = "gnu++20";
				CLANG_ENABLE_MODULES = YES;
				CLANG_ENABLE_OBJC_ARC = YES;
				CLANG_ENABLE_OBJC_WEAK = YES;
				CLANG_WARN_BLOCK_CAPTURE_AUTORELEASING = YES;
				CLANG_WARN_BOOL_CONVERSION = YES;
				CLANG_WARN_COMMA = YES;
				CLANG_WARN_CONSTANT_CONVERSION = YES;
				CLANG_WARN_DEPRECATED_OBJC_IMPLEMENTATIONS = YES;
				CLANG_WARN_DIRECT_OBJC_ISA_USAGE = YES_ERROR;
				CLANG_WARN_DOCUMENTATION_COMMENTS = YES;
				CLANG_WARN_EMPTY_BODY = YES;
				CLANG_WARN_ENUM_CONVERSION = YES;
				CLANG_WARN_INFINITE_RECURSION = YES;
				CLANG_WARN_INT_CONVERSION = YES;
				CLANG_WARN_NON_LITERAL_NULL_CONVERSION = YES;
				CLANG_WARN_OBJC_IMPLICIT_RETAIN_SELF = YES;
				CLANG_WARN_OBJC_LITERAL_CONVERSION = YES;
				CLANG_WARN_OBJC_ROOT_CLASS = YES_ERROR;
				CLANG_WARN_QUOTED_INCLUDE_IN_FRAMEWORK_HEADER = YES;
				CLANG_WARN_RANGE_LOOP_ANALYSIS = YES;
				CLANG_WARN_STRICT_PROTOTYPES = YES;
				CLANG_WARN_SUSPICIOUS_MOVE = YES;
				CLANG_WARN_UNGUARDED_AVAILABILITY = YES_AGGRESSIVE;
				CLANG_WARN_UNREACHABLE_CODE = YES;
				CLANG_WARN__DUPLICATE_METHOD_MATCH = YES;
				COPY_PHASE_STRIP = NO;
				DEBUG_INFORMATION_FORMAT = dwarf;
				ENABLE_STRICT_OBJC_MSGSEND = YES;
				ENABLE_TESTABILITY = YES;
				GCC_C_LANGUAGE_STANDARD = gnu11;
				GCC_DYNAMIC_NO_PIC = NO;
				GCC_NO_COMMON_BLOCKS = YES;
				GCC_OPTIMIZATION_LEVEL = 0;
				GCC_PREPROCESSOR_DEFINITIONS = (
					"DEBUG=1",
					"$(inherited)",
				);
				GCC_WARN_64_TO_32_BIT_CONVERSION = YES;
				GCC_WARN_ABOUT_RETURN_TYPE = YES_ERROR;
				GCC_WARN_UNDECLARED_SELECTOR = YES;
				GCC_WARN_UNINITIALIZED_AUTOS = YES_AGGRESSIVE;
				GCC_WARN_UNUSED_FUNCTION = YES;
				GCC_WARN_UNUSED_VARIABLE = YES;
				MTL_ENABLE_DEBUG_INFO = INCLUDE_SOURCE;
				MTL_FAST_MATH = YES;
				ONLY_ACTIVE_ARCH = YES;
				SWIFT_ACTIVE_COMPILATION_CONDITIONS = DEBUG;
				SWIFT_OPTIMIZATION_LEVEL = "-Onone";
			};
			name = Debug;
		};
		0AD340CB2A6AF7180037B415 /* Release */ = {
			isa = XCBuildConfiguration;
			buildSettings = {
				ALWAYS_SEARCH_USER_PATHS = NO;
				CLANG_ANALYZER_NONNULL = YES;
				CLANG_ANALYZER_NUMBER_OBJECT_CONVERSION = YES_AGGRESSIVE;
				CLANG_CXX_LANGUAGE_STANDARD = "gnu++20";
				CLANG_ENABLE_MODULES = YES;
				CLANG_ENABLE_OBJC_ARC = YES;
				CLANG_ENABLE_OBJC_WEAK = YES;
				CLANG_WARN_BLOCK_CAPTURE_AUTORELEASING = YES;
				CLANG_WARN_BOOL_CONVERSION = YES;
				CLANG_WARN_COMMA = YES;
				CLANG_WARN_CONSTANT_CONVERSION = YES;
				CLANG_WARN_DEPRECATED_OBJC_IMPLEMENTATIONS = YES;
				CLANG_WARN_DIRECT_OBJC_ISA_USAGE = YES_ERROR;
				CLANG_WARN_DOCUMENTATION_COMMENTS = YES;
				CLANG_WARN_EMPTY_BODY = YES;
				CLANG_WARN_ENUM_CONVERSION = YES;
				CLANG_WARN_INFINITE_RECURSION = YES;
				CLANG_WARN_INT_CONVERSION = YES;
				CLANG_WARN_NON_LITERAL_NULL_CONVERSION = YES;
				CLANG_WARN_OBJC_IMPLICIT_RETAIN_SELF = YES;
				CLANG_WARN_OBJC_LITERAL_CONVERSION = YES;
				CLANG_WARN_OBJC_ROOT_CLASS = YES_ERROR;
				CLANG_WARN_QUOTED_INCLUDE_IN_FRAMEWORK_HEADER = YES;
				CLANG_WARN_RANGE_LOOP_ANALYSIS = YES;
				CLANG_WARN_STRICT_PROTOTYPES = YES;
				CLANG_WARN_SUSPICIOUS_MOVE = YES;
				CLANG_WARN_UNGUARDED_AVAILABILITY = YES_AGGRESSIVE;
				CLANG_WARN_UNREACHABLE_CODE = YES;
				CLANG_WARN__DUPLICATE_METHOD_MATCH = YES;
				COPY_PHASE_STRIP = NO;
				DEBUG_INFORMATION_FORMAT = "dwarf-with-dsym";
				ENABLE_NS_ASSERTIONS = NO;
				ENABLE_STRICT_OBJC_MSGSEND = YES;
				GCC_C_LANGUAGE_STANDARD = gnu11;
				GCC_NO_COMMON_BLOCKS = YES;
				GCC_WARN_64_TO_32_BIT_CONVERSION = YES;
				GCC_WARN_ABOUT_RETURN_TYPE = YES_ERROR;
				GCC_WARN_UNDECLARED_SELECTOR = YES;
				GCC_WARN_UNINITIALIZED_AUTOS = YES_AGGRESSIVE;
				GCC_WARN_UNUSED_FUNCTION = YES;
				GCC_WARN_UNUSED_VARIABLE = YES;
				MTL_ENABLE_DEBUG_INFO = NO;
				MTL_FAST_MATH = YES;
				SWIFT_COMPILATION_MODE = wholemodule;
				SWIFT_OPTIMIZATION_LEVEL = "-O";
			};
			name = Release;
		};
		0AD340CD2A6AF7180037B415 /* Debug */ = {
			isa = XCBuildConfiguration;
			buildSettings = {
				ASSETCATALOG_COMPILER_APPICON_NAME = AppIcon;
				ASSETCATALOG_COMPILER_GLOBAL_ACCENT_COLOR_NAME = AccentColor;
				CODE_SIGN_STYLE = Automatic;
				CURRENT_PROJECT_VERSION = 1;
				DEVELOPMENT_ASSET_PATHS = "\"WatchDemo Watch App/Preview Content\"";
				DEVELOPMENT_TEAM = ZSSKU65ZK3;
				ENABLE_PREVIEWS = YES;
				GENERATE_INFOPLIST_FILE = YES;
				INFOPLIST_KEY_CFBundleDisplayName = WatchDemo;
				INFOPLIST_KEY_UISupportedInterfaceOrientations = "UIInterfaceOrientationPortrait UIInterfaceOrientationPortraitUpsideDown";
				INFOPLIST_KEY_WKWatchOnly = YES;
				LD_RUNPATH_SEARCH_PATHS = (
					"$(inherited)",
					"@executable_path/Frameworks",
				);
				MARKETING_VERSION = 1.0;
				PRODUCT_BUNDLE_IDENTIFIER = com.Kevin.WatchDemo.watchkitapp;
				PRODUCT_NAME = "$(TARGET_NAME)";
				SDKROOT = watchos;
				SKIP_INSTALL = YES;
				SWIFT_EMIT_LOC_STRINGS = YES;
				SWIFT_VERSION = 5.0;
				TARGETED_DEVICE_FAMILY = 4;
				WATCHOS_DEPLOYMENT_TARGET = 9.4;
			};
			name = Debug;
		};
		0AD340CE2A6AF7180037B415 /* Release */ = {
			isa = XCBuildConfiguration;
			buildSettings = {
				ASSETCATALOG_COMPILER_APPICON_NAME = AppIcon;
				ASSETCATALOG_COMPILER_GLOBAL_ACCENT_COLOR_NAME = AccentColor;
				CODE_SIGN_STYLE = Automatic;
				CURRENT_PROJECT_VERSION = 1;
				DEVELOPMENT_ASSET_PATHS = "\"WatchDemo Watch App/Preview Content\"";
				DEVELOPMENT_TEAM = ZSSKU65ZK3;
				ENABLE_PREVIEWS = YES;
				GENERATE_INFOPLIST_FILE = YES;
				INFOPLIST_KEY_CFBundleDisplayName = WatchDemo;
				INFOPLIST_KEY_UISupportedInterfaceOrientations = "UIInterfaceOrientationPortrait UIInterfaceOrientationPortraitUpsideDown";
				INFOPLIST_KEY_WKWatchOnly = YES;
				LD_RUNPATH_SEARCH_PATHS = (
					"$(inherited)",
					"@executable_path/Frameworks",
				);
				MARKETING_VERSION = 1.0;
				PRODUCT_BUNDLE_IDENTIFIER = com.Kevin.WatchDemo.watchkitapp;
				PRODUCT_NAME = "$(TARGET_NAME)";
				SDKROOT = watchos;
				SKIP_INSTALL = YES;
				SWIFT_EMIT_LOC_STRINGS = YES;
				SWIFT_VERSION = 5.0;
				TARGETED_DEVICE_FAMILY = 4;
				VALIDATE_PRODUCT = YES;
				WATCHOS_DEPLOYMENT_TARGET = 9.4;
			};
			name = Release;
		};
		0AD340D12A6AF7180037B415 /* Debug */ = {
			isa = XCBuildConfiguration;
			buildSettings = {
				ALWAYS_EMBED_SWIFT_STANDARD_LIBRARIES = YES;
				CODE_SIGN_STYLE = Automatic;
				CURRENT_PROJECT_VERSION = 1;
				DEVELOPMENT_TEAM = ZSSKU65ZK3;
				INFOPLIST_KEY_CFBundleDisplayName = WatchDemo;
				MARKETING_VERSION = 1.0;
				PRODUCT_BUNDLE_IDENTIFIER = com.Kevin.WatchDemo;
				PRODUCT_NAME = "$(TARGET_NAME)";
				SDKROOT = iphoneos;
				SWIFT_VERSION = 5.0;
			};
			name = Debug;
		};
		0AD340D22A6AF7180037B415 /* Release */ = {
			isa = XCBuildConfiguration;
			buildSettings = {
				ALWAYS_EMBED_SWIFT_STANDARD_LIBRARIES = YES;
				CODE_SIGN_STYLE = Automatic;
				CURRENT_PROJECT_VERSION = 1;
				DEVELOPMENT_TEAM = ZSSKU65ZK3;
				INFOPLIST_KEY_CFBundleDisplayName = WatchDemo;
				MARKETING_VERSION = 1.0;
				PRODUCT_BUNDLE_IDENTIFIER = com.Kevin.WatchDemo;
				PRODUCT_NAME = "$(TARGET_NAME)";
				SDKROOT = iphoneos;
				SWIFT_VERSION = 5.0;
				VALIDATE_PRODUCT = YES;
			};
			name = Release;
		};
		0AD340D42A6AF7180037B415 /* Debug */ = {
			isa = XCBuildConfiguration;
			buildSettings = {
				ALWAYS_EMBED_SWIFT_STANDARD_LIBRARIES = YES;
				BUNDLE_LOADER = "$(TEST_HOST)";
				CODE_SIGN_STYLE = Automatic;
				CURRENT_PROJECT_VERSION = 1;
				DEVELOPMENT_TEAM = ZSSKU65ZK3;
				GENERATE_INFOPLIST_FILE = YES;
				MARKETING_VERSION = 1.0;
				PRODUCT_BUNDLE_IDENTIFIER = "com.Kevin.WatchDemo-Watch-AppTests";
				PRODUCT_NAME = "$(TARGET_NAME)";
				SDKROOT = watchos;
				SWIFT_EMIT_LOC_STRINGS = NO;
				SWIFT_VERSION = 5.0;
				TARGETED_DEVICE_FAMILY = 4;
				TEST_HOST = "$(BUILT_PRODUCTS_DIR)/WatchDemo Watch App.app/$(BUNDLE_EXECUTABLE_FOLDER_PATH)/WatchDemo Watch App";
				WATCHOS_DEPLOYMENT_TARGET = 9.4;
			};
			name = Debug;
		};
		0AD340D52A6AF7180037B415 /* Release */ = {
			isa = XCBuildConfiguration;
			buildSettings = {
				ALWAYS_EMBED_SWIFT_STANDARD_LIBRARIES = YES;
				BUNDLE_LOADER = "$(TEST_HOST)";
				CODE_SIGN_STYLE = Automatic;
				CURRENT_PROJECT_VERSION = 1;
				DEVELOPMENT_TEAM = ZSSKU65ZK3;
				GENERATE_INFOPLIST_FILE = YES;
				MARKETING_VERSION = 1.0;
				PRODUCT_BUNDLE_IDENTIFIER = "com.Kevin.WatchDemo-Watch-AppTests";
				PRODUCT_NAME = "$(TARGET_NAME)";
				SDKROOT = watchos;
				SWIFT_EMIT_LOC_STRINGS = NO;
				SWIFT_VERSION = 5.0;
				TARGETED_DEVICE_FAMILY = 4;
				TEST_HOST = "$(BUILT_PRODUCTS_DIR)/WatchDemo Watch App.app/$(BUNDLE_EXECUTABLE_FOLDER_PATH)/WatchDemo Watch App";
				VALIDATE_PRODUCT = YES;
				WATCHOS_DEPLOYMENT_TARGET = 9.4;
			};
			name = Release;
		};
		0AD340D72A6AF7180037B415 /* Debug */ = {
			isa = XCBuildConfiguration;
			buildSettings = {
				ALWAYS_EMBED_SWIFT_STANDARD_LIBRARIES = YES;
				CODE_SIGN_STYLE = Automatic;
				CURRENT_PROJECT_VERSION = 1;
				DEVELOPMENT_TEAM = ZSSKU65ZK3;
				GENERATE_INFOPLIST_FILE = YES;
				MARKETING_VERSION = 1.0;
				PRODUCT_BUNDLE_IDENTIFIER = "com.Kevin.WatchDemo-Watch-AppUITests";
				PRODUCT_NAME = "$(TARGET_NAME)";
				SDKROOT = watchos;
				SWIFT_EMIT_LOC_STRINGS = NO;
				SWIFT_VERSION = 5.0;
				TARGETED_DEVICE_FAMILY = 4;
				TEST_TARGET_NAME = "WatchDemo Watch App";
				WATCHOS_DEPLOYMENT_TARGET = 9.4;
			};
			name = Debug;
		};
		0AD340D82A6AF7180037B415 /* Release */ = {
			isa = XCBuildConfiguration;
			buildSettings = {
				ALWAYS_EMBED_SWIFT_STANDARD_LIBRARIES = YES;
				CODE_SIGN_STYLE = Automatic;
				CURRENT_PROJECT_VERSION = 1;
				DEVELOPMENT_TEAM = ZSSKU65ZK3;
				GENERATE_INFOPLIST_FILE = YES;
				MARKETING_VERSION = 1.0;
				PRODUCT_BUNDLE_IDENTIFIER = "com.Kevin.WatchDemo-Watch-AppUITests";
				PRODUCT_NAME = "$(TARGET_NAME)";
				SDKROOT = watchos;
				SWIFT_EMIT_LOC_STRINGS = NO;
				SWIFT_VERSION = 5.0;
				TARGETED_DEVICE_FAMILY = 4;
				TEST_TARGET_NAME = "WatchDemo Watch App";
				VALIDATE_PRODUCT = YES;
				WATCHOS_DEPLOYMENT_TARGET = 9.4;
			};
			name = Release;
		};
/* End XCBuildConfiguration section */

/* Begin XCConfigurationList section */
		0AD3409D2A6AF7160037B415 /* Build configuration list for PBXProject "WatchDemo" */ = {
			isa = XCConfigurationList;
			buildConfigurations = (
				0AD340CA2A6AF7180037B415 /* Debug */,
				0AD340CB2A6AF7180037B415 /* Release */,
			);
			defaultConfigurationIsVisible = 0;
			defaultConfigurationName = Release;
		};
		0AD340CC2A6AF7180037B415 /* Build configuration list for PBXNativeTarget "WatchDemo Watch App" */ = {
			isa = XCConfigurationList;
			buildConfigurations = (
				0AD340CD2A6AF7180037B415 /* Debug */,
				0AD340CE2A6AF7180037B415 /* Release */,
			);
			defaultConfigurationIsVisible = 0;
			defaultConfigurationName = Release;
		};
		0AD340D02A6AF7180037B415 /* Build configuration list for PBXNativeTarget "WatchDemo" */ = {
			isa = XCConfigurationList;
			buildConfigurations = (
				0AD340D12A6AF7180037B415 /* Debug */,
				0AD340D22A6AF7180037B415 /* Release */,
			);
			defaultConfigurationIsVisible = 0;
			defaultConfigurationName = Release;
		};
		0AD340D32A6AF7180037B415 /* Build configuration list for PBXNativeTarget "WatchDemo Watch AppTests" */ = {
			isa = XCConfigurationList;
			buildConfigurations = (
				0AD340D42A6AF7180037B415 /* Debug */,
				0AD340D52A6AF7180037B415 /* Release */,
			);
			defaultConfigurationIsVisible = 0;
			defaultConfigurationName = Release;
		};
		0AD340D62A6AF7180037B415 /* Build configuration list for PBXNativeTarget "WatchDemo Watch AppUITests" */ = {
			isa = XCConfigurationList;
			buildConfigurations = (
				0AD340D72A6AF7180037B415 /* Debug */,
				0AD340D82A6AF7180037B415 /* Release */,
			);
			defaultConfigurationIsVisible = 0;
			defaultConfigurationName = Release;
		};
/* End XCConfigurationList section */
	};
	rootObject = 0AD3409A2A6AF7160037B415 /* Project object */;
}
